
Microsoft Visual Studio Solution File, Format Version 12.00
# Visual Studio Version 16
VisualStudioVersion = 16.0.30114.105
MinimumVisualStudioVersion = 10.0.40219.1
Project("{FAE04EC0-301F-11D3-BF4B-00C04F79EFBC}") = "Notes.Android", "Notes\Notes.Android\Notes.Android.csproj", "{C9C7E98F-CF0E-4632-A442-92A375E79443}"
EndProject
Project("{FAE04EC0-301F-11D3-BF4B-00C04F79EFBC}") = "Notes.iOS", "Notes\Notes.iOS\Notes.iOS.csproj", "{3A6116AB-C13D-4863-A1F3-1AD67AAC2C84}"
EndProject
Project("{FAE04EC0-301F-11D3-BF4B-00C04F79EFBC}") = "Notes", "Notes\Notes\Notes.csproj", "{AB8999C1-7D44-4424-BAD7-8F78D340DB07}"
EndProject
Global
	GlobalSection(SolutionConfigurationPlatforms) = preSolution
		Debug|Any CPU = Debug|Any CPU
		Debug|iPhone = Debug|iPhone
		Debug|iPhoneSimulator = Debug|iPhoneSimulator
		Release|Any CPU = Release|Any CPU
		Release|iPhone = Release|iPhone
		Release|iPhoneSimulator = Release|iPhoneSimulator
	EndGlobalSection
	GlobalSection(ProjectConfigurationPlatforms) = postSolution
		{C9C7E98F-CF0E-4632-A442-92A375E79443}.Debug|Any CPU.ActiveCfg = Debug|Any CPU
		{C9C7E98F-CF0E-4632-A442-92A375E79443}.Debug|Any CPU.Build.0 = Debug|Any CPU
		{C9C7E98F-CF0E-4632-A442-92A375E79443}.Debug|Any CPU.Deploy.0 = Debug|Any CPU
		{C9C7E98F-CF0E-4632-A442-92A375E79443}.Debug|iPhone.ActiveCfg = Debug|Any CPU
		{C9C7E98F-CF0E-4632-A442-92A375E79443}.Debug|iPhone.Build.0 = Debug|Any CPU
		{C9C7E98F-CF0E-4632-A442-92A375E79443}.Debug|iPhone.Deploy.0 = Debug|Any CPU
		{C9C7E98F-CF0E-4632-A442-92A375E79443}.Debug|iPhoneSimulator.ActiveCfg = Debug|Any CPU
		{C9C7E98F-CF0E-4632-A442-92A375E79443}.Debug|iPhoneSimulator.Build.0 = Debug|Any CPU
		{C9C7E98F-CF0E-4632-A442-92A375E79443}.Debug|iPhoneSimulator.Deploy.0 = Debug|Any CPU
		{C9C7E98F-CF0E-4632-A442-92A375E79443}.Release|Any CPU.ActiveCfg = Release|Any CPU
		{C9C7E98F-CF0E-4632-A442-92A375E79443}.Release|Any CPU.Build.0 = Release|Any CPU
		{C9C7E98F-CF0E-4632-A442-92A375E79443}.Release|Any CPU.Deploy.0 = Release|Any CPU
		{C9C7E98F-CF0E-4632-A442-92A375E79443}.Release|iPhone.ActiveCfg = Release|Any CPU
		{C9C7E98F-CF0E-4632-A442-92A375E79443}.Release|iPhone.Build.0 = Release|Any CPU
		{C9C7E98F-CF0E-4632-A442-92A375E79443}.Release|iPhone.Deploy.0 = Release|Any CPU
		{C9C7E98F-CF0E-4632-A442-92A375E79443}.Release|iPhoneSimulator.ActiveCfg = Release|Any CPU
		{C9C7E98F-CF0E-4632-A442-92A375E79443}.Release|iPhoneSimulator.Build.0 = Release|Any CPU
		{C9C7E98F-CF0E-4632-A442-92A375E79443}.Release|iPhoneSimulator.Deploy.0 = Release|Any CPU
		{3A6116AB-C13D-4863-A1F3-1AD67AAC2C84}.Debug|Any CPU.ActiveCfg = Debug|iPhone
		{3A6116AB-C13D-4863-A1F3-1AD67AAC2C84}.Debug|Any CPU.Build.0 = Debug|iPhone
		{3A6116AB-C13D-4863-A1F3-1AD67AAC2C84}.Debug|Any CPU.Deploy.0 = Debug|iPhone
		{3A6116AB-C13D-4863-A1F3-1AD67AAC2C84}.Debug|iPhone.ActiveCfg = Debug|iPhone
		{3A6116AB-C13D-4863-A1F3-1AD67AAC2C84}.Debug|iPhone.Build.0 = Debug|iPhone
		{3A6116AB-C13D-4863-A1F3-1AD67AAC2C84}.Debug|iPhone.Deploy.0 = Debug|iPhone
		{3A6116AB-C13D-4863-A1F3-1AD67AAC2C84}.Debug|iPhoneSimulator.ActiveCfg = Debug|iPhoneSimulator
		{3A6116AB-C13D-4863-A1F3-1AD67AAC2C84}.Debug|iPhoneSimulator.Build.0 = Debug|iPhoneSimulator
		{3A6116AB-C13D-4863-A1F3-1AD67AAC2C84}.Debug|iPhoneSimulator.Deploy.0 = Debug|iPhoneSimulator
		{3A6116AB-C13D-4863-A1F3-1AD67AAC2C84}.Release|Any CPU.ActiveCfg = Release|iPhone
		{3A6116AB-C13D-4863-A1F3-1AD67AAC2C84}.Release|Any CPU.Build.0 = Release|iPhone
		{3A6116AB-C13D-4863-A1F3-1AD67AAC2C84}.Release|Any CPU.Deploy.0 = Release|iPhone
		{3A6116AB-C13D-4863-A1F3-1AD67AAC2C84}.Release|iPhone.ActiveCfg = Release|iPhone
		{3A6116AB-C13D-4863-A1F3-1AD67AAC2C84}.Release|iPhone.Build.0 = Release|iPhone
		{3A6116AB-C13D-4863-A1F3-1AD67AAC2C84}.Release|iPhone.Deploy.0 = Release|iPhone
		{3A6116AB-C13D-4863-A1F3-1AD67AAC2C84}.Release|iPhoneSimulator.ActiveCfg = Release|iPhoneSimulator
		{3A6116AB-C13D-4863-A1F3-1AD67AAC2C84}.Release|iPhoneSimulator.Build.0 = Release|iPhoneSimulator
		{3A6116AB-C13D-4863-A1F3-1AD67AAC2C84}.Release|iPhoneSimulator.Deploy.0 = Release|iPhoneSimulator
		{AB8999C1-7D44-4424-BAD7-8F78D340DB07}.Debug|Any CPU.ActiveCfg = Debug|Any CPU
		{AB8999C1-7D44-4424-BAD7-8F78D340DB07}.Debug|Any CPU.Build.0 = Debug|Any CPU
		{AB8999C1-7D44-4424-BAD7-8F78D340DB07}.Debug|Any CPU.Deploy.0 = Debug|Any CPU
		{AB8999C1-7D44-4424-BAD7-8F78D340DB07}.Debug|iPhone.ActiveCfg = Debug|Any CPU
		{AB8999C1-7D44-4424-BAD7-8F78D340DB07}.Debug|iPhone.Build.0 = Debug|Any CPU
		{AB8999C1-7D44-4424-BAD7-8F78D340DB07}.Debug|iPhone.Deploy.0 = Debug|Any CPU
		{AB8999C1-7D44-4424-BAD7-8F78D340DB07}.Debug|iPhoneSimulator.ActiveCfg = Debug|Any CPU
		{AB8999C1-7D44-4424-BAD7-8F78D340DB07}.Debug|iPhoneSimulator.Build.0 = Debug|Any CPU
		{AB8999C1-7D44-4424-BAD7-8F78D340DB07}.Debug|iPhoneSimulator.Deploy.0 = Debug|Any CPU
		{AB8999C1-7D44-4424-BAD7-8F78D340DB07}.Release|Any CPU.ActiveCfg = Release|Any CPU
		{AB8999C1-7D44-4424-BAD7-8F78D340DB07}.Release|Any CPU.Build.0 = Release|Any CPU
		{AB8999C1-7D44-4424-BAD7-8F78D340DB07}.Release|Any CPU.Deploy.0 = Release|Any CPU
		{AB8999C1-7D44-4424-BAD7-8F78D340DB07}.Release|iPhone.ActiveCfg = Release|Any CPU
		{AB8999C1-7D44-4424-BAD7-8F78D340DB07}.Release|iPhone.Build.0 = Release|Any CPU
		{AB8999C1-7D44-4424-BAD7-8F78D340DB07}.Release|iPhone.Deploy.0 = Release|Any CPU
		{AB8999C1-7D44-4424-BAD7-8F78D340DB07}.Release|iPhoneSimulator.ActiveCfg = Release|Any CPU
		{AB8999C1-7D44-4424-BAD7-8F78D340DB07}.Release|iPhoneSimulator.Build.0 = Release|Any CPU
		{AB8999C1-7D44-4424-BAD7-8F78D340DB07}.Release|iPhoneSimulator.Deploy.0 = Release|Any CPU
	EndGlobalSection
	GlobalSection(SolutionProperties) = preSolution
		HideSolutionNode = FALSE
	EndGlobalSection
	GlobalSection(ExtensibilityGlobals) = postSolution
		SolutionGuid = {FD0808E9-7AEE-441E-8271-21D8B1E87E95}
	EndGlobalSection
EndGlobal
